{
  "name": "Wallet",
  "version": "0.1.0",
  "lockfileVersion": 1,
  "requires": true,
  "dependencies": {
    "react-native-iphone-x-helper": {
      "version": "1.0.3",
      "resolved": "https://registry.npmjs.org/react-native-iphone-x-helper/-/react-native-iphone-x-helper-1.0.3.tgz",
      "integrity": "sha512-QHzpx4fv9u30VVU1DMgotiZsUB+m4BRjypca2rOczyj3cZBny5I+QDplrpFIBhzsa1iADNkziWa7kInzmKs00Q=="
    }
  }
}
